
Microsoft Visual Studio Solution File, Format Version 12.00
# Visual Studio Version 17
VisualStudioVersion = 17.3.32901.215
MinimumVisualStudioVersion = 10.0.40219.1
Project("{FAE04EC0-301F-11D3-BF4B-00C04F79EFBC}") = "Temple of Doom", "Temple of Doom\Temple of Doom.csproj", "{B0554490-8D6B-4C63-84EE-BFD49561A063}"
EndProject
Global
	GlobalSection(SolutionConfigurationPlatforms) = preSolution
		Debug|Any CPU = Debug|Any CPU
		Release|Any CPU = Release|Any CPU
	EndGlobalSection
	GlobalSection(ProjectConfigurationPlatforms) = postSolution
		{B0554490-8D6B-4C63-84EE-BFD49561A063}.Debug|Any CPU.ActiveCfg = Debug|Any CPU
		{B0554490-8D6B-4C63-84EE-BFD49561A063}.Debug|Any CPU.Build.0 = Debug|Any CPU
		{B0554490-8D6B-4C63-84EE-BFD49561A063}.Release|Any CPU.ActiveCfg = Release|Any CPU
		{B0554490-8D6B-4C63-84EE-BFD49561A063}.Release|Any CPU.Build.0 = Release|Any CPU
	EndGlobalSection
	GlobalSection(SolutionProperties) = preSolution
		HideSolutionNode = FALSE
	EndGlobalSection
	GlobalSection(ExtensibilityGlobals) = postSolution
		SolutionGuid = {1F13F7F2-16F3-4D92-83AF-C20B95198280}
	EndGlobalSection
EndGlobal
