
Microsoft Visual Studio Solution File, Format Version 12.00
# Visual Studio Version 17
VisualStudioVersion = 17.3.32901.215
MinimumVisualStudioVersion = 10.0.40219.1
Project("{FAE04EC0-301F-11D3-BF4B-00C04F79EFBC}") = "Unique Usernames", "Unique Usernames\Unique Usernames.csproj", "{480D75DA-393A-4A7B-B2B1-10B636849920}"
EndProject
Project("{FAE04EC0-301F-11D3-BF4B-00C04F79EFBC}") = "Sets of Elements", "Sets of Elements\Sets of Elements.csproj", "{5D9A943A-C56C-4D4B-AC58-34BC826B5606}"
EndProject
Project("{FAE04EC0-301F-11D3-BF4B-00C04F79EFBC}") = "Periodic Table", "Periodic Table\Periodic Table.csproj", "{179AE3C1-CF5B-4633-9DCD-2D2B51ABEDE4}"
EndProject
Project("{FAE04EC0-301F-11D3-BF4B-00C04F79EFBC}") = "Even Times", "Even Times\Even Times.csproj", "{132E2678-5415-4168-A374-972901DBC9AA}"
EndProject
Project("{FAE04EC0-301F-11D3-BF4B-00C04F79EFBC}") = "Count Symbols", "Count Symbols\Count Symbols.csproj", "{127E415A-9C2A-4A3A-B9D4-8479CAD4CF5A}"
EndProject
Project("{FAE04EC0-301F-11D3-BF4B-00C04F79EFBC}") = "Wardrobe", "Wardrobe\Wardrobe.csproj", "{54660F2C-97B6-497A-ACCA-39C367BD879B}"
EndProject
Global
	GlobalSection(SolutionConfigurationPlatforms) = preSolution
		Debug|Any CPU = Debug|Any CPU
		Release|Any CPU = Release|Any CPU
	EndGlobalSection
	GlobalSection(ProjectConfigurationPlatforms) = postSolution
		{480D75DA-393A-4A7B-B2B1-10B636849920}.Debug|Any CPU.ActiveCfg = Debug|Any CPU
		{480D75DA-393A-4A7B-B2B1-10B636849920}.Debug|Any CPU.Build.0 = Debug|Any CPU
		{480D75DA-393A-4A7B-B2B1-10B636849920}.Release|Any CPU.ActiveCfg = Release|Any CPU
		{480D75DA-393A-4A7B-B2B1-10B636849920}.Release|Any CPU.Build.0 = Release|Any CPU
		{5D9A943A-C56C-4D4B-AC58-34BC826B5606}.Debug|Any CPU.ActiveCfg = Debug|Any CPU
		{5D9A943A-C56C-4D4B-AC58-34BC826B5606}.Debug|Any CPU.Build.0 = Debug|Any CPU
		{5D9A943A-C56C-4D4B-AC58-34BC826B5606}.Release|Any CPU.ActiveCfg = Release|Any CPU
		{5D9A943A-C56C-4D4B-AC58-34BC826B5606}.Release|Any CPU.Build.0 = Release|Any CPU
		{179AE3C1-CF5B-4633-9DCD-2D2B51ABEDE4}.Debug|Any CPU.ActiveCfg = Debug|Any CPU
		{179AE3C1-CF5B-4633-9DCD-2D2B51ABEDE4}.Debug|Any CPU.Build.0 = Debug|Any CPU
		{179AE3C1-CF5B-4633-9DCD-2D2B51ABEDE4}.Release|Any CPU.ActiveCfg = Release|Any CPU
		{179AE3C1-CF5B-4633-9DCD-2D2B51ABEDE4}.Release|Any CPU.Build.0 = Release|Any CPU
		{132E2678-5415-4168-A374-972901DBC9AA}.Debug|Any CPU.ActiveCfg = Debug|Any CPU
		{132E2678-5415-4168-A374-972901DBC9AA}.Debug|Any CPU.Build.0 = Debug|Any CPU
		{132E2678-5415-4168-A374-972901DBC9AA}.Release|Any CPU.ActiveCfg = Release|Any CPU
		{132E2678-5415-4168-A374-972901DBC9AA}.Release|Any CPU.Build.0 = Release|Any CPU
		{127E415A-9C2A-4A3A-B9D4-8479CAD4CF5A}.Debug|Any CPU.ActiveCfg = Debug|Any CPU
		{127E415A-9C2A-4A3A-B9D4-8479CAD4CF5A}.Debug|Any CPU.Build.0 = Debug|Any CPU
		{127E415A-9C2A-4A3A-B9D4-8479CAD4CF5A}.Release|Any CPU.ActiveCfg = Release|Any CPU
		{127E415A-9C2A-4A3A-B9D4-8479CAD4CF5A}.Release|Any CPU.Build.0 = Release|Any CPU
		{54660F2C-97B6-497A-ACCA-39C367BD879B}.Debug|Any CPU.ActiveCfg = Debug|Any CPU
		{54660F2C-97B6-497A-ACCA-39C367BD879B}.Debug|Any CPU.Build.0 = Debug|Any CPU
		{54660F2C-97B6-497A-ACCA-39C367BD879B}.Release|Any CPU.ActiveCfg = Release|Any CPU
		{54660F2C-97B6-497A-ACCA-39C367BD879B}.Release|Any CPU.Build.0 = Release|Any CPU
	EndGlobalSection
	GlobalSection(SolutionProperties) = preSolution
		HideSolutionNode = FALSE
	EndGlobalSection
	GlobalSection(ExtensibilityGlobals) = postSolution
		SolutionGuid = {154EC482-AB92-41A7-9A51-0D264FC45662}
	EndGlobalSection
EndGlobal
