
Microsoft Visual Studio Solution File, Format Version 12.00
# Visual Studio Version 17
VisualStudioVersion = 17.3.32901.215
MinimumVisualStudioVersion = 10.0.40219.1
Project("{FAE04EC0-301F-11D3-BF4B-00C04F79EFBC}") = "Sort Even Numbers", "Sort Even Numbers\Sort Even Numbers.csproj", "{73DEB9C5-DB3F-48A3-9F70-101D2AC6427C}"
EndProject
Project("{FAE04EC0-301F-11D3-BF4B-00C04F79EFBC}") = "Sum Numbers", "Sum Numbers\Sum Numbers.csproj", "{6F14349F-43B3-4413-91FA-C51757BB94D3}"
EndProject
Project("{FAE04EC0-301F-11D3-BF4B-00C04F79EFBC}") = "Count Uppercase Words", "Count Uppercase Words\Count Uppercase Words.csproj", "{0B539A6F-AF38-4F95-8787-908AE4A5AFB2}"
EndProject
Project("{FAE04EC0-301F-11D3-BF4B-00C04F79EFBC}") = "Add VAT", "Add VAT\Add VAT.csproj", "{490AD211-F7FB-4087-AFEE-C17673BCAC2F}"
EndProject
Project("{FAE04EC0-301F-11D3-BF4B-00C04F79EFBC}") = "Filter By Age", "Filter By Age\Filter By Age.csproj", "{E3566190-D2B7-44B4-9469-B8E20B0C7B99}"
EndProject
Global
	GlobalSection(SolutionConfigurationPlatforms) = preSolution
		Debug|Any CPU = Debug|Any CPU
		Release|Any CPU = Release|Any CPU
	EndGlobalSection
	GlobalSection(ProjectConfigurationPlatforms) = postSolution
		{73DEB9C5-DB3F-48A3-9F70-101D2AC6427C}.Debug|Any CPU.ActiveCfg = Debug|Any CPU
		{73DEB9C5-DB3F-48A3-9F70-101D2AC6427C}.Debug|Any CPU.Build.0 = Debug|Any CPU
		{73DEB9C5-DB3F-48A3-9F70-101D2AC6427C}.Release|Any CPU.ActiveCfg = Release|Any CPU
		{73DEB9C5-DB3F-48A3-9F70-101D2AC6427C}.Release|Any CPU.Build.0 = Release|Any CPU
		{6F14349F-43B3-4413-91FA-C51757BB94D3}.Debug|Any CPU.ActiveCfg = Debug|Any CPU
		{6F14349F-43B3-4413-91FA-C51757BB94D3}.Debug|Any CPU.Build.0 = Debug|Any CPU
		{6F14349F-43B3-4413-91FA-C51757BB94D3}.Release|Any CPU.ActiveCfg = Release|Any CPU
		{6F14349F-43B3-4413-91FA-C51757BB94D3}.Release|Any CPU.Build.0 = Release|Any CPU
		{0B539A6F-AF38-4F95-8787-908AE4A5AFB2}.Debug|Any CPU.ActiveCfg = Debug|Any CPU
		{0B539A6F-AF38-4F95-8787-908AE4A5AFB2}.Debug|Any CPU.Build.0 = Debug|Any CPU
		{0B539A6F-AF38-4F95-8787-908AE4A5AFB2}.Release|Any CPU.ActiveCfg = Release|Any CPU
		{0B539A6F-AF38-4F95-8787-908AE4A5AFB2}.Release|Any CPU.Build.0 = Release|Any CPU
		{490AD211-F7FB-4087-AFEE-C17673BCAC2F}.Debug|Any CPU.ActiveCfg = Debug|Any CPU
		{490AD211-F7FB-4087-AFEE-C17673BCAC2F}.Debug|Any CPU.Build.0 = Debug|Any CPU
		{490AD211-F7FB-4087-AFEE-C17673BCAC2F}.Release|Any CPU.ActiveCfg = Release|Any CPU
		{490AD211-F7FB-4087-AFEE-C17673BCAC2F}.Release|Any CPU.Build.0 = Release|Any CPU
		{E3566190-D2B7-44B4-9469-B8E20B0C7B99}.Debug|Any CPU.ActiveCfg = Debug|Any CPU
		{E3566190-D2B7-44B4-9469-B8E20B0C7B99}.Debug|Any CPU.Build.0 = Debug|Any CPU
		{E3566190-D2B7-44B4-9469-B8E20B0C7B99}.Release|Any CPU.ActiveCfg = Release|Any CPU
		{E3566190-D2B7-44B4-9469-B8E20B0C7B99}.Release|Any CPU.Build.0 = Release|Any CPU
	EndGlobalSection
	GlobalSection(SolutionProperties) = preSolution
		HideSolutionNode = FALSE
	EndGlobalSection
	GlobalSection(ExtensibilityGlobals) = postSolution
		SolutionGuid = {F1EFD319-BDBF-4E73-93DE-24878F9F596D}
	EndGlobalSection
EndGlobal
