
Microsoft Visual Studio Solution File, Format Version 12.00
# Visual Studio Version 17
VisualStudioVersion = 17.3.32901.215
MinimumVisualStudioVersion = 10.0.40219.1
Project("{9A19103F-16F7-4668-BE54-9A1E7A4F7556}") = "Odd Lines", "Odd Lines\Odd Lines.csproj", "{FFE54A68-2036-4BAC-8778-C877C80E7B97}"
EndProject
Project("{9A19103F-16F7-4668-BE54-9A1E7A4F7556}") = "Line Numbers", "Line Numbers\Line Numbers.csproj", "{C27DA8F3-4EBA-489B-94B6-87E427EDA8AB}"
EndProject
Project("{9A19103F-16F7-4668-BE54-9A1E7A4F7556}") = "Word Count", "Word Count\Word Count.csproj", "{732B94C3-86C1-42F5-8729-298F9A37257F}"
EndProject
Project("{FAE04EC0-301F-11D3-BF4B-00C04F79EFBC}") = "Merge Text Files", "Merge Text Files\Merge Text Files.csproj", "{25E82E56-2159-474D-8B87-0705DE80AEA4}"
EndProject
Global
	GlobalSection(SolutionConfigurationPlatforms) = preSolution
		Debug|Any CPU = Debug|Any CPU
		Release|Any CPU = Release|Any CPU
	EndGlobalSection
	GlobalSection(ProjectConfigurationPlatforms) = postSolution
		{FFE54A68-2036-4BAC-8778-C877C80E7B97}.Debug|Any CPU.ActiveCfg = Debug|Any CPU
		{FFE54A68-2036-4BAC-8778-C877C80E7B97}.Debug|Any CPU.Build.0 = Debug|Any CPU
		{FFE54A68-2036-4BAC-8778-C877C80E7B97}.Release|Any CPU.ActiveCfg = Release|Any CPU
		{FFE54A68-2036-4BAC-8778-C877C80E7B97}.Release|Any CPU.Build.0 = Release|Any CPU
		{C27DA8F3-4EBA-489B-94B6-87E427EDA8AB}.Debug|Any CPU.ActiveCfg = Debug|Any CPU
		{C27DA8F3-4EBA-489B-94B6-87E427EDA8AB}.Debug|Any CPU.Build.0 = Debug|Any CPU
		{C27DA8F3-4EBA-489B-94B6-87E427EDA8AB}.Release|Any CPU.ActiveCfg = Release|Any CPU
		{C27DA8F3-4EBA-489B-94B6-87E427EDA8AB}.Release|Any CPU.Build.0 = Release|Any CPU
		{732B94C3-86C1-42F5-8729-298F9A37257F}.Debug|Any CPU.ActiveCfg = Debug|Any CPU
		{732B94C3-86C1-42F5-8729-298F9A37257F}.Debug|Any CPU.Build.0 = Debug|Any CPU
		{732B94C3-86C1-42F5-8729-298F9A37257F}.Release|Any CPU.ActiveCfg = Release|Any CPU
		{732B94C3-86C1-42F5-8729-298F9A37257F}.Release|Any CPU.Build.0 = Release|Any CPU
		{25E82E56-2159-474D-8B87-0705DE80AEA4}.Debug|Any CPU.ActiveCfg = Debug|Any CPU
		{25E82E56-2159-474D-8B87-0705DE80AEA4}.Debug|Any CPU.Build.0 = Debug|Any CPU
		{25E82E56-2159-474D-8B87-0705DE80AEA4}.Release|Any CPU.ActiveCfg = Release|Any CPU
		{25E82E56-2159-474D-8B87-0705DE80AEA4}.Release|Any CPU.Build.0 = Release|Any CPU
	EndGlobalSection
	GlobalSection(SolutionProperties) = preSolution
		HideSolutionNode = FALSE
	EndGlobalSection
	GlobalSection(ExtensibilityGlobals) = postSolution
		SolutionGuid = {CB14925F-410B-400B-A524-7BF351D00FFB}
	EndGlobalSection
EndGlobal
