
Microsoft Visual Studio Solution File, Format Version 12.00
# Visual Studio Version 17
VisualStudioVersion = 17.3.32901.215
MinimumVisualStudioVersion = 10.0.40219.1
Project("{9A19103F-16F7-4668-BE54-9A1E7A4F7556}") = "Skeleton", "Skeleton\Skeleton.csproj", "{FAAB672C-DB74-47E5-BFA5-D79BB02F4FAA}"
EndProject
Project("{9A19103F-16F7-4668-BE54-9A1E7A4F7556}") = "Skeleton.Tests", "Skeleton.Tests\Skeleton.Tests.csproj", "{9032D180-9164-43AE-9DD7-F19626958EFA}"
EndProject
Global
	GlobalSection(SolutionConfigurationPlatforms) = preSolution
		Debug|Any CPU = Debug|Any CPU
		Release|Any CPU = Release|Any CPU
	EndGlobalSection
	GlobalSection(ProjectConfigurationPlatforms) = postSolution
		{FAAB672C-DB74-47E5-BFA5-D79BB02F4FAA}.Debug|Any CPU.ActiveCfg = Debug|Any CPU
		{FAAB672C-DB74-47E5-BFA5-D79BB02F4FAA}.Debug|Any CPU.Build.0 = Debug|Any CPU
		{FAAB672C-DB74-47E5-BFA5-D79BB02F4FAA}.Release|Any CPU.ActiveCfg = Release|Any CPU
		{FAAB672C-DB74-47E5-BFA5-D79BB02F4FAA}.Release|Any CPU.Build.0 = Release|Any CPU
		{9032D180-9164-43AE-9DD7-F19626958EFA}.Debug|Any CPU.ActiveCfg = Debug|Any CPU
		{9032D180-9164-43AE-9DD7-F19626958EFA}.Debug|Any CPU.Build.0 = Debug|Any CPU
		{9032D180-9164-43AE-9DD7-F19626958EFA}.Release|Any CPU.ActiveCfg = Release|Any CPU
		{9032D180-9164-43AE-9DD7-F19626958EFA}.Release|Any CPU.Build.0 = Release|Any CPU
	EndGlobalSection
	GlobalSection(SolutionProperties) = preSolution
		HideSolutionNode = FALSE
	EndGlobalSection
	GlobalSection(ExtensibilityGlobals) = postSolution
		SolutionGuid = {5CBFD48F-6732-403D-B6FA-38D75C951932}
	EndGlobalSection
EndGlobal
