
Microsoft Visual Studio Solution File, Format Version 12.00
# Visual Studio Version 17
VisualStudioVersion = 17.3.32901.215
MinimumVisualStudioVersion = 10.0.40219.1
Project("{FAE04EC0-301F-11D3-BF4B-00C04F79EFBC}") = "Single Inheritance", "Single Inheritance\Single Inheritance.csproj", "{50E5D6FD-F1BD-4D76-A5A7-4EDEAFCB44F7}"
EndProject
Project("{FAE04EC0-301F-11D3-BF4B-00C04F79EFBC}") = "Multiple Inheritance", "Multiple Inheritance\Multiple Inheritance.csproj", "{1D0CF61E-028E-4B21-8242-7F4FCF8EB598}"
EndProject
Project("{FAE04EC0-301F-11D3-BF4B-00C04F79EFBC}") = "Hierarchical Inheritance", "Hierarchical Inheritance\Hierarchical Inheritance.csproj", "{C03B11F2-4FD0-41B2-BBB3-C93C6633801B}"
EndProject
Project("{FAE04EC0-301F-11D3-BF4B-00C04F79EFBC}") = "Random List", "Random List\Random List.csproj", "{E4C86BDD-7602-4CF6-8F3A-6413CD24426A}"
EndProject
Project("{FAE04EC0-301F-11D3-BF4B-00C04F79EFBC}") = "Stack of Strings", "Stack of Strings\Stack of Strings.csproj", "{06096844-50B1-4CA1-BCB8-DF3EF1CA19EE}"
EndProject
Global
	GlobalSection(SolutionConfigurationPlatforms) = preSolution
		Debug|Any CPU = Debug|Any CPU
		Release|Any CPU = Release|Any CPU
	EndGlobalSection
	GlobalSection(ProjectConfigurationPlatforms) = postSolution
		{50E5D6FD-F1BD-4D76-A5A7-4EDEAFCB44F7}.Debug|Any CPU.ActiveCfg = Debug|Any CPU
		{50E5D6FD-F1BD-4D76-A5A7-4EDEAFCB44F7}.Debug|Any CPU.Build.0 = Debug|Any CPU
		{50E5D6FD-F1BD-4D76-A5A7-4EDEAFCB44F7}.Release|Any CPU.ActiveCfg = Release|Any CPU
		{50E5D6FD-F1BD-4D76-A5A7-4EDEAFCB44F7}.Release|Any CPU.Build.0 = Release|Any CPU
		{1D0CF61E-028E-4B21-8242-7F4FCF8EB598}.Debug|Any CPU.ActiveCfg = Debug|Any CPU
		{1D0CF61E-028E-4B21-8242-7F4FCF8EB598}.Debug|Any CPU.Build.0 = Debug|Any CPU
		{1D0CF61E-028E-4B21-8242-7F4FCF8EB598}.Release|Any CPU.ActiveCfg = Release|Any CPU
		{1D0CF61E-028E-4B21-8242-7F4FCF8EB598}.Release|Any CPU.Build.0 = Release|Any CPU
		{C03B11F2-4FD0-41B2-BBB3-C93C6633801B}.Debug|Any CPU.ActiveCfg = Debug|Any CPU
		{C03B11F2-4FD0-41B2-BBB3-C93C6633801B}.Debug|Any CPU.Build.0 = Debug|Any CPU
		{C03B11F2-4FD0-41B2-BBB3-C93C6633801B}.Release|Any CPU.ActiveCfg = Release|Any CPU
		{C03B11F2-4FD0-41B2-BBB3-C93C6633801B}.Release|Any CPU.Build.0 = Release|Any CPU
		{E4C86BDD-7602-4CF6-8F3A-6413CD24426A}.Debug|Any CPU.ActiveCfg = Debug|Any CPU
		{E4C86BDD-7602-4CF6-8F3A-6413CD24426A}.Debug|Any CPU.Build.0 = Debug|Any CPU
		{E4C86BDD-7602-4CF6-8F3A-6413CD24426A}.Release|Any CPU.ActiveCfg = Release|Any CPU
		{E4C86BDD-7602-4CF6-8F3A-6413CD24426A}.Release|Any CPU.Build.0 = Release|Any CPU
		{06096844-50B1-4CA1-BCB8-DF3EF1CA19EE}.Debug|Any CPU.ActiveCfg = Debug|Any CPU
		{06096844-50B1-4CA1-BCB8-DF3EF1CA19EE}.Debug|Any CPU.Build.0 = Debug|Any CPU
		{06096844-50B1-4CA1-BCB8-DF3EF1CA19EE}.Release|Any CPU.ActiveCfg = Release|Any CPU
		{06096844-50B1-4CA1-BCB8-DF3EF1CA19EE}.Release|Any CPU.Build.0 = Release|Any CPU
	EndGlobalSection
	GlobalSection(SolutionProperties) = preSolution
		HideSolutionNode = FALSE
	EndGlobalSection
	GlobalSection(ExtensibilityGlobals) = postSolution
		SolutionGuid = {7832635F-B40C-4C7F-A419-0A792A7C2772}
	EndGlobalSection
EndGlobal
